
Microsoft Visual Studio Solution File, Format Version 12.00
# Visual Studio 15
VisualStudioVersion = 15.0.26124.0
MinimumVisualStudioVersion = 15.0.26124.0
Project("{2150E333-8FDC-42A3-9474-1A3956D46DE8}") = "src", "src", "{0BA36F2D-5B19-4DC3-B468-2831113D37EC}"
EndProject
Project("{FAE04EC0-301F-11D3-BF4B-00C04F79EFBC}") = "TechFabricSln", "src\TechFabricSln\TechFabricSln.csproj", "{131717E9-6B29-4F7C-860E-44755948AFFF}"
EndProject
Project("{2150E333-8FDC-42A3-9474-1A3956D46DE8}") = "test", "test", "{52F1A878-FFC7-4677-A9FB-4C24B7A65E94}"
EndProject
Project("{FAE04EC0-301F-11D3-BF4B-00C04F79EFBC}") = "TechFabricSln.Test", "test\TechFabricSln.Test\TechFabricSln.Test.csproj", "{7FD62ED6-67A4-4B0A-A63F-E9F05E55F16D}"
EndProject
Global
	GlobalSection(SolutionConfigurationPlatforms) = preSolution
		Debug|Any CPU = Debug|Any CPU
		Debug|x64 = Debug|x64
		Debug|x86 = Debug|x86
		Release|Any CPU = Release|Any CPU
		Release|x64 = Release|x64
		Release|x86 = Release|x86
	EndGlobalSection
	GlobalSection(SolutionProperties) = preSolution
		HideSolutionNode = FALSE
	EndGlobalSection
	GlobalSection(ProjectConfigurationPlatforms) = postSolution
		{131717E9-6B29-4F7C-860E-44755948AFFF}.Debug|Any CPU.ActiveCfg = Debug|Any CPU
		{131717E9-6B29-4F7C-860E-44755948AFFF}.Debug|Any CPU.Build.0 = Debug|Any CPU
		{131717E9-6B29-4F7C-860E-44755948AFFF}.Debug|x64.ActiveCfg = Debug|Any CPU
		{131717E9-6B29-4F7C-860E-44755948AFFF}.Debug|x64.Build.0 = Debug|Any CPU
		{131717E9-6B29-4F7C-860E-44755948AFFF}.Debug|x86.ActiveCfg = Debug|Any CPU
		{131717E9-6B29-4F7C-860E-44755948AFFF}.Debug|x86.Build.0 = Debug|Any CPU
		{131717E9-6B29-4F7C-860E-44755948AFFF}.Release|Any CPU.ActiveCfg = Release|Any CPU
		{131717E9-6B29-4F7C-860E-44755948AFFF}.Release|Any CPU.Build.0 = Release|Any CPU
		{131717E9-6B29-4F7C-860E-44755948AFFF}.Release|x64.ActiveCfg = Release|Any CPU
		{131717E9-6B29-4F7C-860E-44755948AFFF}.Release|x64.Build.0 = Release|Any CPU
		{131717E9-6B29-4F7C-860E-44755948AFFF}.Release|x86.ActiveCfg = Release|Any CPU
		{131717E9-6B29-4F7C-860E-44755948AFFF}.Release|x86.Build.0 = Release|Any CPU
		{7FD62ED6-67A4-4B0A-A63F-E9F05E55F16D}.Debug|Any CPU.ActiveCfg = Debug|Any CPU
		{7FD62ED6-67A4-4B0A-A63F-E9F05E55F16D}.Debug|Any CPU.Build.0 = Debug|Any CPU
		{7FD62ED6-67A4-4B0A-A63F-E9F05E55F16D}.Debug|x64.ActiveCfg = Debug|Any CPU
		{7FD62ED6-67A4-4B0A-A63F-E9F05E55F16D}.Debug|x64.Build.0 = Debug|Any CPU
		{7FD62ED6-67A4-4B0A-A63F-E9F05E55F16D}.Debug|x86.ActiveCfg = Debug|Any CPU
		{7FD62ED6-67A4-4B0A-A63F-E9F05E55F16D}.Debug|x86.Build.0 = Debug|Any CPU
		{7FD62ED6-67A4-4B0A-A63F-E9F05E55F16D}.Release|Any CPU.ActiveCfg = Release|Any CPU
		{7FD62ED6-67A4-4B0A-A63F-E9F05E55F16D}.Release|Any CPU.Build.0 = Release|Any CPU
		{7FD62ED6-67A4-4B0A-A63F-E9F05E55F16D}.Release|x64.ActiveCfg = Release|Any CPU
		{7FD62ED6-67A4-4B0A-A63F-E9F05E55F16D}.Release|x64.Build.0 = Release|Any CPU
		{7FD62ED6-67A4-4B0A-A63F-E9F05E55F16D}.Release|x86.ActiveCfg = Release|Any CPU
		{7FD62ED6-67A4-4B0A-A63F-E9F05E55F16D}.Release|x86.Build.0 = Release|Any CPU
	EndGlobalSection
	GlobalSection(NestedProjects) = preSolution
		{131717E9-6B29-4F7C-860E-44755948AFFF} = {0BA36F2D-5B19-4DC3-B468-2831113D37EC}
		{7FD62ED6-67A4-4B0A-A63F-E9F05E55F16D} = {52F1A878-FFC7-4677-A9FB-4C24B7A65E94}
	EndGlobalSection
EndGlobal
